// !$*UTF8*$!
{
	archiveVersion = 1;
	classes = {
	};
	objectVersion = 45;
	objects = {

/* Begin PBXBuildFile section */
		1D3623260D0F684500981E51 /* SNESControllerAppDelegate.m in Sources */ = {isa = PBXBuildFile; fileRef = 1D3623250D0F684500981E51 /* SNESControllerAppDelegate.m */; };
		1D60589B0D05DD56006BFB54 /* main.m in Sources */ = {isa = PBXBuildFile; fileRef = 29B97316FDCFA39411CA2CEA /* main.m */; };
		1D60589F0D05DD5A006BFB54 /* Foundation.framework in Frameworks */ = {isa = PBXBuildFile; fileRef = 1D30AB110D05D00D00671497 /* Foundation.framework */; };
		1DF5F4E00D08C38300B7A737 /* UIKit.framework in Frameworks */ = {isa = PBXBuildFile; fileRef = 1DF5F4DF0D08C38300B7A737 /* UIKit.framework */; };
		288765A50DF7441C002DB57D /* CoreGraphics.framework in Frameworks */ = {isa = PBXBuildFile; fileRef = 288765A40DF7441C002DB57D /* CoreGraphics.framework */; };
		28D7ACF80DDB3853001CB0EB /* SNESControllerViewController.m in Sources */ = {isa = PBXBuildFile; fileRef = 28D7ACF70DDB3853001CB0EB /* SNESControllerViewController.m */; };
		CE23586411A2092600593C86 /* SessionController.m in Sources */ = {isa = PBXBuildFile; fileRef = CE23586311A2092600593C86 /* SessionController.m */; };
		CE235A1511A23FC400593C86 /* AVFoundation.framework in Frameworks */ = {isa = PBXBuildFile; fileRef = CE235A1411A23FC400593C86 /* AVFoundation.framework */; };
		CE7759F811A8BB10001D542F /* MediaPlayer.framework in Frameworks */ = {isa = PBXBuildFile; fileRef = CE7759F711A8BB10001D542F /* MediaPlayer.framework */; };
		CE775A1A11A8BDB7001D542F /* IOKit in Resources */ = {isa = PBXBuildFile; fileRef = CE775A0211A8BDB7001D542F /* IOKit */; };
		CE775A1B11A8BDB7001D542F /* libkern in Resources */ = {isa = PBXBuildFile; fileRef = CE775A1711A8BDB7001D542F /* libkern */; };
		CE775A3C11A8C28A001D542F /* libIOKit.dylib in Frameworks */ = {isa = PBXBuildFile; fileRef = CE775A3B11A8C28A001D542F /* libIOKit.dylib */; };
		CEC613FA1192516E00431552 /* GameKit.framework in Frameworks */ = {isa = PBXBuildFile; fileRef = CEC613F91192516E00431552 /* GameKit.framework */; };
		CEE8572611AA050C00784F8D /* ConnectedIcon.png in Resources */ = {isa = PBXBuildFile; fileRef = CEE8571A11AA050C00784F8D /* ConnectedIcon.png */; };
		CEE8572711AA050C00784F8D /* Default.png in Resources */ = {isa = PBXBuildFile; fileRef = CEE8571B11AA050C00784F8D /* Default.png */; };
		CEE8572811AA050C00784F8D /* grayButton.png in Resources */ = {isa = PBXBuildFile; fileRef = CEE8571C11AA050C00784F8D /* grayButton.png */; };
		CEE8572911AA050C00784F8D /* Icon.png in Resources */ = {isa = PBXBuildFile; fileRef = CEE8571D11AA050C00784F8D /* Icon.png */; };
		CEE8572A11AA050C00784F8D /* MainWindow.xib in Resources */ = {isa = PBXBuildFile; fileRef = CEE8571E11AA050C00784F8D /* MainWindow.xib */; };
		CEE8572B11AA050C00784F8D /* NotConnectedIcon.png in Resources */ = {isa = PBXBuildFile; fileRef = CEE8571F11AA050C00784F8D /* NotConnectedIcon.png */; };
		CEE8572C11AA050C00784F8D /* redButton.png in Resources */ = {isa = PBXBuildFile; fileRef = CEE8572011AA050C00784F8D /* redButton.png */; };
		CEE8572D11AA050C00784F8D /* SessionController.xib in Resources */ = {isa = PBXBuildFile; fileRef = CEE8572111AA050C00784F8D /* SessionController.xib */; };
		CEE8572E11AA050C00784F8D /* snes-1.png in Resources */ = {isa = PBXBuildFile; fileRef = CEE8572211AA050C00784F8D /* snes-1.png */; };
		CEE8572F11AA050C00784F8D /* snes-1.txt in Resources */ = {isa = PBXBuildFile; fileRef = CEE8572311AA050C00784F8D /* snes-1.txt */; };
		CEE8573011AA050C00784F8D /* SNESControllerViewController.xib in Resources */ = {isa = PBXBuildFile; fileRef = CEE8572411AA050C00784F8D /* SNESControllerViewController.xib */; };
		CEE8573111AA050C00784F8D /* TabController.xib in Resources */ = {isa = PBXBuildFile; fileRef = CEE8572511AA050C00784F8D /* TabController.xib */; };
		CEE8573311AA051600784F8D /* ControlPad-Info.plist in Resources */ = {isa = PBXBuildFile; fileRef = CEE8573211AA051600784F8D /* ControlPad-Info.plist */; };
/* End PBXBuildFile section */

/* Begin PBXFileReference section */
		1D30AB110D05D00D00671497 /* Foundation.framework */ = {isa = PBXFileReference; lastKnownFileType = wrapper.framework; name = Foundation.framework; path = System/Library/Frameworks/Foundation.framework; sourceTree = SDKROOT; };
		1D3623240D0F684500981E51 /* SNESControllerAppDelegate.h */ = {isa = PBXFileReference; fileEncoding = 4; lastKnownFileType = sourcecode.c.h; path = SNESControllerAppDelegate.h; sourceTree = "<group>"; };
		1D3623250D0F684500981E51 /* SNESControllerAppDelegate.m */ = {isa = PBXFileReference; fileEncoding = 4; lastKnownFileType = sourcecode.c.objc; path = SNESControllerAppDelegate.m; sourceTree = "<group>"; };
		1D6058910D05DD3D006BFB54 /* ControlPad.app */ = {isa = PBXFileReference; explicitFileType = wrapper.application; includeInIndex = 0; path = ControlPad.app; sourceTree = BUILT_PRODUCTS_DIR; };
		1DF5F4DF0D08C38300B7A737 /* UIKit.framework */ = {isa = PBXFileReference; lastKnownFileType = wrapper.framework; name = UIKit.framework; path = System/Library/Frameworks/UIKit.framework; sourceTree = SDKROOT; };
		288765A40DF7441C002DB57D /* CoreGraphics.framework */ = {isa = PBXFileReference; lastKnownFileType = wrapper.framework; name = CoreGraphics.framework; path = System/Library/Frameworks/CoreGraphics.framework; sourceTree = SDKROOT; };
		28D7ACF60DDB3853001CB0EB /* SNESControllerViewController.h */ = {isa = PBXFileReference; fileEncoding = 4; lastKnownFileType = sourcecode.c.h; path = SNESControllerViewController.h; sourceTree = "<group>"; };
		28D7ACF70DDB3853001CB0EB /* SNESControllerViewController.m */ = {isa = PBXFileReference; fileEncoding = 4; lastKnownFileType = sourcecode.c.objc; path = SNESControllerViewController.m; sourceTree = "<group>"; };
		29B97316FDCFA39411CA2CEA /* main.m */ = {isa = PBXFileReference; fileEncoding = 4; lastKnownFileType = sourcecode.c.objc; path = main.m; sourceTree = "<group>"; };
		32CA4F630368D1EE00C91783 /* ControlPad_Prefix.pch */ = {isa = PBXFileReference; fileEncoding = 4; lastKnownFileType = sourcecode.c.h; path = ControlPad_Prefix.pch; sourceTree = "<group>"; };
		CE23586211A2092600593C86 /* SessionController.h */ = {isa = PBXFileReference; fileEncoding = 4; lastKnownFileType = sourcecode.c.h; path = SessionController.h; sourceTree = "<group>"; };
		CE23586311A2092600593C86 /* SessionController.m */ = {isa = PBXFileReference; fileEncoding = 4; lastKnownFileType = sourcecode.c.objc; path = SessionController.m; sourceTree = "<group>"; };
		CE235A1411A23FC400593C86 /* AVFoundation.framework */ = {isa = PBXFileReference; lastKnownFileType = wrapper.framework; name = AVFoundation.framework; path = System/Library/Frameworks/AVFoundation.framework; sourceTree = SDKROOT; };
		CE7759F711A8BB10001D542F /* MediaPlayer.framework */ = {isa = PBXFileReference; lastKnownFileType = wrapper.framework; name = MediaPlayer.framework; path = System/Library/Frameworks/MediaPlayer.framework; sourceTree = SDKROOT; };
		CE7759FD11A8BC28001D542F /* AVSystemController.h */ = {isa = PBXFileReference; fileEncoding = 4; lastKnownFileType = sourcecode.c.h; path = AVSystemController.h; sourceTree = "<group>"; };
		CE775A0211A8BDB7001D542F /* IOKit */ = {isa = PBXFileReference; lastKnownFileType = folder; path = IOKit; sourceTree = "<group>"; };
		CE775A1711A8BDB7001D542F /* libkern */ = {isa = PBXFileReference; lastKnownFileType = folder; path = libkern; sourceTree = "<group>"; };
		CE775A3B11A8C28A001D542F /* libIOKit.dylib */ = {isa = PBXFileReference; lastKnownFileType = "compiled.mach-o.dylib"; name = libIOKit.dylib; path = usr/lib/libIOKit.dylib; sourceTree = SDKROOT; };
		CEC613F91192516E00431552 /* GameKit.framework */ = {isa = PBXFileReference; lastKnownFileType = wrapper.framework; name = GameKit.framework; path = System/Library/Frameworks/GameKit.framework; sourceTree = SDKROOT; };
		CEE8571A11AA050C00784F8D /* ConnectedIcon.png */ = {isa = PBXFileReference; lastKnownFileType = image.png; path = ConnectedIcon.png; sourceTree = "<group>"; };
		CEE8571B11AA050C00784F8D /* Default.png */ = {isa = PBXFileReference; lastKnownFileType = image.png; path = Default.png; sourceTree = "<group>"; };
		CEE8571C11AA050C00784F8D /* grayButton.png */ = {isa = PBXFileReference; lastKnownFileType = image.png; path = grayButton.png; sourceTree = "<group>"; };
		CEE8571D11AA050C00784F8D /* Icon.png */ = {isa = PBXFileReference; lastKnownFileType = image.png; path = Icon.png; sourceTree = "<group>"; };
		CEE8571E11AA050C00784F8D /* MainWindow.xib */ = {isa = PBXFileReference; lastKnownFileType = file.xib; path = MainWindow.xib; sourceTree = "<group>"; };
		CEE8571F11AA050C00784F8D /* NotConnectedIcon.png */ = {isa = PBXFileReference; lastKnownFileType = image.png; path = NotConnectedIcon.png; sourceTree = "<group>"; };
		CEE8572011AA050C00784F8D /* redButton.png */ = {isa = PBXFileReference; lastKnownFileType = image.png; path = redButton.png; sourceTree = "<group>"; };
		CEE8572111AA050C00784F8D /* SessionController.xib */ = {isa = PBXFileReference; lastKnownFileType = file.xib; path = SessionController.xib; sourceTree = "<group>"; };
		CEE8572211AA050C00784F8D /* snes-1.png */ = {isa = PBXFileReference; lastKnownFileType = image.png; path = "snes-1.png"; sourceTree = "<group>"; };
		CEE8572311AA050C00784F8D /* snes-1.txt */ = {isa = PBXFileReference; fileEncoding = 4; lastKnownFileType = text; path = "snes-1.txt"; sourceTree = "<group>"; };
		CEE8572411AA050C00784F8D /* SNESControllerViewController.xib */ = {isa = PBXFileReference; lastKnownFileType = file.xib; path = SNESControllerViewController.xib; sourceTree = "<group>"; };
		CEE8572511AA050C00784F8D /* TabController.xib */ = {isa = PBXFileReference; lastKnownFileType = file.xib; path = TabController.xib; sourceTree = "<group>"; };
		CEE8573211AA051600784F8D /* ControlPad-Info.plist */ = {isa = PBXFileReference; fileEncoding = 4; lastKnownFileType = text.plist.xml; path = "ControlPad-Info.plist"; sourceTree = SOURCE_ROOT; };
/* End PBXFileReference section */

/* Begin PBXFrameworksBuildPhase section */
		1D60588F0D05DD3D006BFB54 /* Frameworks */ = {
			isa = PBXFrameworksBuildPhase;
			buildActionMask = 2147483647;
			files = (
				1D60589F0D05DD5A006BFB54 /* Foundation.framework in Frameworks */,
				1DF5F4E00D08C38300B7A737 /* UIKit.framework in Frameworks */,
				288765A50DF7441C002DB57D /* CoreGraphics.framework in Frameworks */,
				CEC613FA1192516E00431552 /* GameKit.framework in Frameworks */,
				CE235A1511A23FC400593C86 /* AVFoundation.framework in Frameworks */,
				CE7759F811A8BB10001D542F /* MediaPlayer.framework in Frameworks */,
				CE775A3C11A8C28A001D542F /* libIOKit.dylib in Frameworks */,
			);
			runOnlyForDeploymentPostprocessing = 0;
		};
/* End PBXFrameworksBuildPhase section */

/* Begin PBXGroup section */
		080E96DDFE201D6D7F000001 /* Classes */ = {
			isa = PBXGroup;
			children = (
				1D3623240D0F684500981E51 /* SNESControllerAppDelegate.h */,
				1D3623250D0F684500981E51 /* SNESControllerAppDelegate.m */,
				28D7ACF60DDB3853001CB0EB /* SNESControllerViewController.h */,
				28D7ACF70DDB3853001CB0EB /* SNESControllerViewController.m */,
				CE23586211A2092600593C86 /* SessionController.h */,
				CE23586311A2092600593C86 /* SessionController.m */,
			);
			path = Classes;
			sourceTree = "<group>";
		};
		19C28FACFE9D520D11CA2CBB /* Products */ = {
			isa = PBXGroup;
			children = (
				1D6058910D05DD3D006BFB54 /* ControlPad.app */,
			);
			name = Products;
			sourceTree = "<group>";
		};
		29B97314FDCFA39411CA2CEA /* CustomTemplate */ = {
			isa = PBXGroup;
			children = (
				080E96DDFE201D6D7F000001 /* Classes */,
				29B97315FDCFA39411CA2CEA /* Other Sources */,
				CEE8571911AA050C00784F8D /* Resources */,
				29B97323FDCFA39411CA2CEA /* Frameworks */,
				19C28FACFE9D520D11CA2CBB /* Products */,
			);
			name = CustomTemplate;
			sourceTree = "<group>";
		};
		29B97315FDCFA39411CA2CEA /* Other Sources */ = {
			isa = PBXGroup;
			children = (
				CE775A0211A8BDB7001D542F /* IOKit */,
				CE775A1711A8BDB7001D542F /* libkern */,
				CE7759FD11A8BC28001D542F /* AVSystemController.h */,
				32CA4F630368D1EE00C91783 /* ControlPad_Prefix.pch */,
				29B97316FDCFA39411CA2CEA /* main.m */,
			);
			name = "Other Sources";
			sourceTree = "<group>";
		};
		29B97323FDCFA39411CA2CEA /* Frameworks */ = {
			isa = PBXGroup;
			children = (
				CEC613F91192516E00431552 /* GameKit.framework */,
				1DF5F4DF0D08C38300B7A737 /* UIKit.framework */,
				1D30AB110D05D00D00671497 /* Foundation.framework */,
				288765A40DF7441C002DB57D /* CoreGraphics.framework */,
				CE235A1411A23FC400593C86 /* AVFoundation.framework */,
				CE7759F711A8BB10001D542F /* MediaPlayer.framework */,
				CE775A3B11A8C28A001D542F /* libIOKit.dylib */,
			);
			name = Frameworks;
			sourceTree = "<group>";
		};
		CEE8571911AA050C00784F8D /* Resources */ = {
			isa = PBXGroup;
			children = (
				CEE8573211AA051600784F8D /* ControlPad-Info.plist */,
				CEE8571A11AA050C00784F8D /* ConnectedIcon.png */,
				CEE8571B11AA050C00784F8D /* Default.png */,
				CEE8571C11AA050C00784F8D /* grayButton.png */,
				CEE8571D11AA050C00784F8D /* Icon.png */,
				CEE8571E11AA050C00784F8D /* MainWindow.xib */,
				CEE8571F11AA050C00784F8D /* NotConnectedIcon.png */,
				CEE8572011AA050C00784F8D /* redButton.png */,
				CEE8572111AA050C00784F8D /* SessionController.xib */,
				CEE8572211AA050C00784F8D /* snes-1.png */,
				CEE8572311AA050C00784F8D /* snes-1.txt */,
				CEE8572411AA050C00784F8D /* SNESControllerViewController.xib */,
				CEE8572511AA050C00784F8D /* TabController.xib */,
			);
			path = Resources;
			sourceTree = "<group>";
		};
/* End PBXGroup section */

/* Begin PBXNativeTarget section */
		1D6058900D05DD3D006BFB54 /* ControlPad */ = {
			isa = PBXNativeTarget;
			buildConfigurationList = 1D6058960D05DD3E006BFB54 /* Build configuration list for PBXNativeTarget "ControlPad" */;
			buildPhases = (
				1D60588D0D05DD3D006BFB54 /* Resources */,
				1D60588E0D05DD3D006BFB54 /* Sources */,
				1D60588F0D05DD3D006BFB54 /* Frameworks */,
			);
			buildRules = (
			);
			dependencies = (
			);
			name = ControlPad;
			productName = SNESController;
			productReference = 1D6058910D05DD3D006BFB54 /* ControlPad.app */;
			productType = "com.apple.product-type.application";
		};
/* End PBXNativeTarget section */

/* Begin PBXProject section */
		29B97313FDCFA39411CA2CEA /* Project object */ = {
			isa = PBXProject;
			buildConfigurationList = C01FCF4E08A954540054247B /* Build configuration list for PBXProject "ControlPad" */;
			compatibilityVersion = "Xcode 3.1";
			hasScannedForEncodings = 1;
			mainGroup = 29B97314FDCFA39411CA2CEA /* CustomTemplate */;
			projectDirPath = "";
			projectRoot = "";
			targets = (
				1D6058900D05DD3D006BFB54 /* ControlPad */,
			);
		};
/* End PBXProject section */

/* Begin PBXResourcesBuildPhase section */
		1D60588D0D05DD3D006BFB54 /* Resources */ = {
			isa = PBXResourcesBuildPhase;
			buildActionMask = 2147483647;
			files = (
				CE775A1A11A8BDB7001D542F /* IOKit in Resources */,
				CE775A1B11A8BDB7001D542F /* libkern in Resources */,
				CEE8572611AA050C00784F8D /* ConnectedIcon.png in Resources */,
				CEE8572711AA050C00784F8D /* Default.png in Resources */,
				CEE8572811AA050C00784F8D /* grayButton.png in Resources */,
				CEE8572911AA050C00784F8D /* Icon.png in Resources */,
				CEE8572A11AA050C00784F8D /* MainWindow.xib in Resources */,
				CEE8572B11AA050C00784F8D /* NotConnectedIcon.png in Resources */,
				CEE8572C11AA050C00784F8D /* redButton.png in Resources */,
				CEE8572D11AA050C00784F8D /* SessionController.xib in Resources */,
				CEE8572E11AA050C00784F8D /* snes-1.png in Resources */,
				CEE8572F11AA050C00784F8D /* snes-1.txt in Resources */,
				CEE8573011AA050C00784F8D /* SNESControllerViewController.xib in Resources */,
				CEE8573111AA050C00784F8D /* TabController.xib in Resources */,
				CEE8573311AA051600784F8D /* ControlPad-Info.plist in Resources */,
			);
			runOnlyForDeploymentPostprocessing = 0;
		};
/* End PBXResourcesBuildPhase section */

/* Begin PBXSourcesBuildPhase section */
		1D60588E0D05DD3D006BFB54 /* Sources */ = {
			isa = PBXSourcesBuildPhase;
			buildActionMask = 2147483647;
			files = (
				1D60589B0D05DD56006BFB54 /* main.m in Sources */,
				1D3623260D0F684500981E51 /* SNESControllerAppDelegate.m in Sources */,
				28D7ACF80DDB3853001CB0EB /* SNESControllerViewController.m in Sources */,
				CE23586411A2092600593C86 /* SessionController.m in Sources */,
			);
			runOnlyForDeploymentPostprocessing = 0;
		};
/* End PBXSourcesBuildPhase section */

/* Begin XCBuildConfiguration section */
		1D6058940D05DD3E006BFB54 /* Debug */ = {
			isa = XCBuildConfiguration;
			buildSettings = {
				ALWAYS_SEARCH_USER_PATHS = NO;
				COPY_PHASE_STRIP = NO;
				FRAMEWORK_SEARCH_PATHS = (
					"$(inherited)",
					"\"$(SDKROOT)$(SYSTEM_LIBRARY_DIR)/PrivateFrameworks\"",
				);
				GCC_DYNAMIC_NO_PIC = NO;
				GCC_OPTIMIZATION_LEVEL = 0;
				GCC_PRECOMPILE_PREFIX_HEADER = YES;
				GCC_PREFIX_HEADER = ControlPad_Prefix.pch;
				INFOPLIST_FILE = "ControlPad-Info.plist";
				PRODUCT_NAME = ControlPad;
			};
			name = Debug;
		};
		1D6058950D05DD3E006BFB54 /* Release */ = {
			isa = XCBuildConfiguration;
			buildSettings = {
				ALWAYS_SEARCH_USER_PATHS = NO;
				COPY_PHASE_STRIP = YES;
				FRAMEWORK_SEARCH_PATHS = (
					"$(inherited)",
					"\"$(SDKROOT)$(SYSTEM_LIBRARY_DIR)/PrivateFrameworks\"",
				);
				GCC_PRECOMPILE_PREFIX_HEADER = YES;
				GCC_PREFIX_HEADER = ControlPad_Prefix.pch;
				INFOPLIST_FILE = "ControlPad-Info.plist";
				PRODUCT_NAME = ControlPad;
				VALIDATE_PRODUCT = YES;
			};
			name = Release;
		};
		C01FCF4F08A954540054247B /* Debug */ = {
			isa = XCBuildConfiguration;
			buildSettings = {
				ARCHS = "$(ARCHS_STANDARD_32_BIT)";
				"CODE_SIGN_IDENTITY[sdk=iphoneos*]" = "iPhone Developer";
				FRAMEWORK_SEARCH_PATHS = /Developer/Platforms/iPhoneOS.platform/Developer/SDKs/iPhoneOS3.0.sdk/System/Library/PrivateFrameworks/;
				GCC_C_LANGUAGE_STANDARD = c99;
				GCC_WARN_ABOUT_RETURN_TYPE = YES;
				GCC_WARN_UNUSED_VARIABLE = YES;
				HEADER_SEARCH_PATHS = .;
				PREBINDING = NO;
				SDKROOT = iphoneos3.0;
			};
			name = Debug;
		};
		C01FCF5008A954540054247B /* Release */ = {
			isa = XCBuildConfiguration;
			buildSettings = {
				ARCHS = "$(ARCHS_STANDARD_32_BIT)";
				"CODE_SIGN_IDENTITY[sdk=iphoneos*]" = "iPhone Developer";
				FRAMEWORK_SEARCH_PATHS = /Developer/Platforms/iPhoneOS.platform/Developer/SDKs/iPhoneOS3.0.sdk/System/Library/PrivateFrameworks/;
				GCC_C_LANGUAGE_STANDARD = c99;
				GCC_WARN_ABOUT_RETURN_TYPE = YES;
				GCC_WARN_UNUSED_VARIABLE = YES;
				HEADER_SEARCH_PATHS = .;
				OTHER_CFLAGS = "-DNS_BLOCK_ASSERTIONS=1";
				PREBINDING = NO;
				SDKROOT = iphoneos3.0;
			};
			name = Release;
		};
/* End XCBuildConfiguration section */

/* Begin XCConfigurationList section */
		1D6058960D05DD3E006BFB54 /* Build configuration list for PBXNativeTarget "ControlPad" */ = {
			isa = XCConfigurationList;
			buildConfigurations = (
				1D6058940D05DD3E006BFB54 /* Debug */,
				1D6058950D05DD3E006BFB54 /* Release */,
			);
			defaultConfigurationIsVisible = 0;
			defaultConfigurationName = Release;
		};
		C01FCF4E08A954540054247B /* Build configuration list for PBXProject "ControlPad" */ = {
			isa = XCConfigurationList;
			buildConfigurations = (
				C01FCF4F08A954540054247B /* Debug */,
				C01FCF5008A954540054247B /* Release */,
			);
			defaultConfigurationIsVisible = 0;
			defaultConfigurationName = Release;
		};
/* End XCConfigurationList section */
	};
	rootObject = 29B97313FDCFA39411CA2CEA /* Project object */;
}
